
Microsoft Visual Studio Solution File, Format Version 12.00
# Visual Studio Version 16
VisualStudioVersion = 16.0.28922.388
MinimumVisualStudioVersion = 10.0.40219.1
Project("{FAE04EC0-301F-11D3-BF4B-00C04F79EFBC}") = "YerbaSoft.Windows", "YerbaSoft.Windows\YerbaSoft.Windows.csproj", "{732CDADD-0C5B-4918-B6E1-51DA6E2B8782}"
EndProject
Project("{FAE04EC0-301F-11D3-BF4B-00C04F79EFBC}") = "YerbaSoft.Windows.Test", "YerbaSoft.Windows.Test\YerbaSoft.Windows.Test.csproj", "{A7938490-E3DE-455D-85B3-1D7DF875F645}"
EndProject
Project("{FAE04EC0-301F-11D3-BF4B-00C04F79EFBC}") = "YerbaSoft.DTO", "..\DTO\YerbaSoft.DTO.csproj", "{03356582-57FE-40A0-B032-9585DF279CFC}"
EndProject
Global
	GlobalSection(SolutionConfigurationPlatforms) = preSolution
		Debug|Any CPU = Debug|Any CPU
		Release|Any CPU = Release|Any CPU
	EndGlobalSection
	GlobalSection(ProjectConfigurationPlatforms) = postSolution
		{732CDADD-0C5B-4918-B6E1-51DA6E2B8782}.Debug|Any CPU.ActiveCfg = Debug|Any CPU
		{732CDADD-0C5B-4918-B6E1-51DA6E2B8782}.Debug|Any CPU.Build.0 = Debug|Any CPU
		{732CDADD-0C5B-4918-B6E1-51DA6E2B8782}.Release|Any CPU.ActiveCfg = Release|Any CPU
		{732CDADD-0C5B-4918-B6E1-51DA6E2B8782}.Release|Any CPU.Build.0 = Release|Any CPU
		{A7938490-E3DE-455D-85B3-1D7DF875F645}.Debug|Any CPU.ActiveCfg = Debug|Any CPU
		{A7938490-E3DE-455D-85B3-1D7DF875F645}.Debug|Any CPU.Build.0 = Debug|Any CPU
		{A7938490-E3DE-455D-85B3-1D7DF875F645}.Release|Any CPU.ActiveCfg = Release|Any CPU
		{A7938490-E3DE-455D-85B3-1D7DF875F645}.Release|Any CPU.Build.0 = Release|Any CPU
		{03356582-57FE-40A0-B032-9585DF279CFC}.Debug|Any CPU.ActiveCfg = Debug|Any CPU
		{03356582-57FE-40A0-B032-9585DF279CFC}.Debug|Any CPU.Build.0 = Debug|Any CPU
		{03356582-57FE-40A0-B032-9585DF279CFC}.Release|Any CPU.ActiveCfg = Release|Any CPU
		{03356582-57FE-40A0-B032-9585DF279CFC}.Release|Any CPU.Build.0 = Release|Any CPU
	EndGlobalSection
	GlobalSection(SolutionProperties) = preSolution
		HideSolutionNode = FALSE
	EndGlobalSection
	GlobalSection(ExtensibilityGlobals) = postSolution
		SolutionGuid = {360A8D60-3B2A-4CC6-B755-7A18D89F2810}
	EndGlobalSection
EndGlobal
