
Microsoft Visual Studio Solution File, Format Version 12.00
# Visual Studio Version 16
VisualStudioVersion = 16.0.29306.81
MinimumVisualStudioVersion = 10.0.40219.1
Project("{9A19103F-16F7-4668-BE54-9A1E7A4F7556}") = "SIR.Sync", "SIR.Sync\SIR.Sync.csproj", "{4963B4F7-4B7D-44AD-ADD5-D632FB84B0C3}"
EndProject
Project("{9A19103F-16F7-4668-BE54-9A1E7A4F7556}") = "SIR.Common", "SIR.Common\SIR.Common.csproj", "{2B38838A-689B-450A-B98D-3619852DAEBD}"
EndProject
Project("{9A19103F-16F7-4668-BE54-9A1E7A4F7556}") = "SIR.Common.Connector", "SIR.Common.Connector\SIR.Common.Connector.csproj", "{A6FE064B-824B-43FA-A29F-E81CA436DB8C}"
EndProject
Project("{9A19103F-16F7-4668-BE54-9A1E7A4F7556}") = "SIR.Common.DAL", "SIR.Common.DAL\SIR.Common.DAL.csproj", "{460E728F-B037-42B9-AE80-24E4A322DC91}"
EndProject
Global
	GlobalSection(SolutionConfigurationPlatforms) = preSolution
		Debug|Any CPU = Debug|Any CPU
		Release|Any CPU = Release|Any CPU
	EndGlobalSection
	GlobalSection(ProjectConfigurationPlatforms) = postSolution
		{4963B4F7-4B7D-44AD-ADD5-D632FB84B0C3}.Debug|Any CPU.ActiveCfg = Debug|Any CPU
		{4963B4F7-4B7D-44AD-ADD5-D632FB84B0C3}.Debug|Any CPU.Build.0 = Debug|Any CPU
		{4963B4F7-4B7D-44AD-ADD5-D632FB84B0C3}.Release|Any CPU.ActiveCfg = Release|Any CPU
		{4963B4F7-4B7D-44AD-ADD5-D632FB84B0C3}.Release|Any CPU.Build.0 = Release|Any CPU
		{2B38838A-689B-450A-B98D-3619852DAEBD}.Debug|Any CPU.ActiveCfg = Debug|Any CPU
		{2B38838A-689B-450A-B98D-3619852DAEBD}.Debug|Any CPU.Build.0 = Debug|Any CPU
		{2B38838A-689B-450A-B98D-3619852DAEBD}.Release|Any CPU.ActiveCfg = Release|Any CPU
		{2B38838A-689B-450A-B98D-3619852DAEBD}.Release|Any CPU.Build.0 = Release|Any CPU
		{A6FE064B-824B-43FA-A29F-E81CA436DB8C}.Debug|Any CPU.ActiveCfg = Debug|Any CPU
		{A6FE064B-824B-43FA-A29F-E81CA436DB8C}.Debug|Any CPU.Build.0 = Debug|Any CPU
		{A6FE064B-824B-43FA-A29F-E81CA436DB8C}.Release|Any CPU.ActiveCfg = Release|Any CPU
		{A6FE064B-824B-43FA-A29F-E81CA436DB8C}.Release|Any CPU.Build.0 = Release|Any CPU
		{460E728F-B037-42B9-AE80-24E4A322DC91}.Debug|Any CPU.ActiveCfg = Debug|Any CPU
		{460E728F-B037-42B9-AE80-24E4A322DC91}.Debug|Any CPU.Build.0 = Debug|Any CPU
		{460E728F-B037-42B9-AE80-24E4A322DC91}.Release|Any CPU.ActiveCfg = Release|Any CPU
		{460E728F-B037-42B9-AE80-24E4A322DC91}.Release|Any CPU.Build.0 = Release|Any CPU
	EndGlobalSection
	GlobalSection(SolutionProperties) = preSolution
		HideSolutionNode = FALSE
	EndGlobalSection
	GlobalSection(ExtensibilityGlobals) = postSolution
		SolutionGuid = {DD1B58BC-245C-43CD-99B3-BB9B418EA0E3}
	EndGlobalSection
EndGlobal
