
Microsoft Visual Studio Solution File, Format Version 12.00
# Visual Studio Version 16
VisualStudioVersion = 16.0.28922.388
MinimumVisualStudioVersion = 10.0.40219.1
Project("{FAE04EC0-301F-11D3-BF4B-00C04F79EFBC}") = "YerbaSoft.Office", "YerbaSoft.Office\YerbaSoft.Office.csproj", "{0741E2F4-DA20-429B-9952-141EEE054C18}"
EndProject
Project("{FAE04EC0-301F-11D3-BF4B-00C04F79EFBC}") = "YerbaSoft.Office.Test", "YerbaSoft.Office.Test\YerbaSoft.Office.Test.csproj", "{1E7884A3-CD04-441E-B524-F729DFC4E84B}"
EndProject
Global
	GlobalSection(SolutionConfigurationPlatforms) = preSolution
		Debug|Any CPU = Debug|Any CPU
		Release|Any CPU = Release|Any CPU
	EndGlobalSection
	GlobalSection(ProjectConfigurationPlatforms) = postSolution
		{0741E2F4-DA20-429B-9952-141EEE054C18}.Debug|Any CPU.ActiveCfg = Debug|Any CPU
		{0741E2F4-DA20-429B-9952-141EEE054C18}.Debug|Any CPU.Build.0 = Debug|Any CPU
		{0741E2F4-DA20-429B-9952-141EEE054C18}.Release|Any CPU.ActiveCfg = Release|Any CPU
		{0741E2F4-DA20-429B-9952-141EEE054C18}.Release|Any CPU.Build.0 = Release|Any CPU
		{1E7884A3-CD04-441E-B524-F729DFC4E84B}.Debug|Any CPU.ActiveCfg = Debug|Any CPU
		{1E7884A3-CD04-441E-B524-F729DFC4E84B}.Debug|Any CPU.Build.0 = Debug|Any CPU
		{1E7884A3-CD04-441E-B524-F729DFC4E84B}.Release|Any CPU.ActiveCfg = Release|Any CPU
		{1E7884A3-CD04-441E-B524-F729DFC4E84B}.Release|Any CPU.Build.0 = Release|Any CPU
	EndGlobalSection
	GlobalSection(SolutionProperties) = preSolution
		HideSolutionNode = FALSE
	EndGlobalSection
	GlobalSection(ExtensibilityGlobals) = postSolution
		SolutionGuid = {729A6E8C-BB73-4E72-AB9D-786D2B80516D}
	EndGlobalSection
EndGlobal
