
Microsoft Visual Studio Solution File, Format Version 12.00
# Visual Studio Version 16
VisualStudioVersion = 16.0.28803.452
MinimumVisualStudioVersion = 10.0.40219.1
Project("{FAE04EC0-301F-11D3-BF4B-00C04F79EFBC}") = "WindowsHelper", "WindowsHelper\WindowsHelper.csproj", "{2C3A30D8-CFCD-4285-A654-E87B5CE4FBE0}"
EndProject
Project("{FAE04EC0-301F-11D3-BF4B-00C04F79EFBC}") = "YerbaSoft.DTO", "..\DTO\YerbaSoft.DTO.csproj", "{03356582-57FE-40A0-B032-9585DF279CFC}"
EndProject
Project("{FAE04EC0-301F-11D3-BF4B-00C04F79EFBC}") = "YerbaSoft.Dynamic", "..\Dynamic\YerbaSoft.Dynamic.csproj", "{1BB3F5B2-EEEC-4852-8960-3263D65F3180}"
EndProject
Project("{FAE04EC0-301F-11D3-BF4B-00C04F79EFBC}") = "WindowsHelper.EasyOpen", "WindowsHelper.EasyOpen\WindowsHelper.EasyOpen.csproj", "{1DE6D323-FC08-4C6B-8C61-411E7134352E}"
EndProject
Project("{FAE04EC0-301F-11D3-BF4B-00C04F79EFBC}") = "WindowsHelper.Common", "WindowsHelper.Common\WindowsHelper.Common.csproj", "{4CDFB59F-292D-4C42-ABD1-950CC809E113}"
EndProject
Project("{FAE04EC0-301F-11D3-BF4B-00C04F79EFBC}") = "WindowsHelper.Memory", "WindowsHelper.Memory\WindowsHelper.Memory.csproj", "{263B61BB-732D-4CA3-A982-9BE216C6AB58}"
EndProject
Project("{FAE04EC0-301F-11D3-BF4B-00C04F79EFBC}") = "WindowsHelper.Task", "WindowsHelper.Task\WindowsHelper.Task.csproj", "{12F2E07D-3E7B-41AD-A668-B750A186280E}"
EndProject
Project("{FAE04EC0-301F-11D3-BF4B-00C04F79EFBC}") = "WindowsHelper.Wpf", "WindowsHelper.Wpf\WindowsHelper.Wpf.csproj", "{D6B20708-52F9-4810-9EE1-A1EB3A117ABF}"
EndProject
Project("{FAE04EC0-301F-11D3-BF4B-00C04F79EFBC}") = "WindowsHelper.Visual", "WindowsHelper.Visual\WindowsHelper.Visual.csproj", "{5291BF0A-85EB-4C4E-B63F-8FBB9562EC84}"
EndProject
Project("{FAE04EC0-301F-11D3-BF4B-00C04F79EFBC}") = "WindowsHelper.Launcher", "WindowsHelper.Launcher\WindowsHelper.Launcher.csproj", "{ED88F7E1-2557-41D0-AD09-FE0A09649759}"
EndProject
Project("{FAE04EC0-301F-11D3-BF4B-00C04F79EFBC}") = "WindowsHelper.Customs", "WindowsHelper.Customs\WindowsHelper.Customs.csproj", "{49D4F951-8A9D-4B80-AA5A-F75D7FE6B5CE}"
EndProject
Project("{FAE04EC0-301F-11D3-BF4B-00C04F79EFBC}") = "YerbaSoft.DAL", "..\DAL\YerbaSoft.DAL.csproj", "{13034674-FE45-480D-8869-A3F00DE94FCD}"
EndProject
Project("{FAE04EC0-301F-11D3-BF4B-00C04F79EFBC}") = "WindowsHelper.Cuentas", "WindowsHelper.Cuentas\WindowsHelper.Cuentas.csproj", "{EB9AD4CC-19A9-4DDF-ADA5-7D2E6EF85408}"
EndProject
Project("{FAE04EC0-301F-11D3-BF4B-00C04F79EFBC}") = "YerbaSoft.Office", "..\Office\YerbaSoft.Office\YerbaSoft.Office.csproj", "{0741E2F4-DA20-429B-9952-141EEE054C18}"
EndProject
Project("{FAE04EC0-301F-11D3-BF4B-00C04F79EFBC}") = "YerbaSoft.Windows", "..\Windows\YerbaSoft.Windows\YerbaSoft.Windows.csproj", "{732CDADD-0C5B-4918-B6E1-51DA6E2B8782}"
EndProject
Global
	GlobalSection(SolutionConfigurationPlatforms) = preSolution
		Debug|Any CPU = Debug|Any CPU
		Debug|ARM = Debug|ARM
		Debug|x64 = Debug|x64
		Debug|x86 = Debug|x86
		Release|Any CPU = Release|Any CPU
		Release|ARM = Release|ARM
		Release|x64 = Release|x64
		Release|x86 = Release|x86
	EndGlobalSection
	GlobalSection(ProjectConfigurationPlatforms) = postSolution
		{2C3A30D8-CFCD-4285-A654-E87B5CE4FBE0}.Debug|Any CPU.ActiveCfg = Debug|Any CPU
		{2C3A30D8-CFCD-4285-A654-E87B5CE4FBE0}.Debug|Any CPU.Build.0 = Debug|Any CPU
		{2C3A30D8-CFCD-4285-A654-E87B5CE4FBE0}.Debug|ARM.ActiveCfg = Debug|Any CPU
		{2C3A30D8-CFCD-4285-A654-E87B5CE4FBE0}.Debug|ARM.Build.0 = Debug|Any CPU
		{2C3A30D8-CFCD-4285-A654-E87B5CE4FBE0}.Debug|x64.ActiveCfg = Debug|Any CPU
		{2C3A30D8-CFCD-4285-A654-E87B5CE4FBE0}.Debug|x64.Build.0 = Debug|Any CPU
		{2C3A30D8-CFCD-4285-A654-E87B5CE4FBE0}.Debug|x86.ActiveCfg = Debug|Any CPU
		{2C3A30D8-CFCD-4285-A654-E87B5CE4FBE0}.Debug|x86.Build.0 = Debug|Any CPU
		{2C3A30D8-CFCD-4285-A654-E87B5CE4FBE0}.Release|Any CPU.ActiveCfg = Release|Any CPU
		{2C3A30D8-CFCD-4285-A654-E87B5CE4FBE0}.Release|Any CPU.Build.0 = Release|Any CPU
		{2C3A30D8-CFCD-4285-A654-E87B5CE4FBE0}.Release|ARM.ActiveCfg = Release|Any CPU
		{2C3A30D8-CFCD-4285-A654-E87B5CE4FBE0}.Release|ARM.Build.0 = Release|Any CPU
		{2C3A30D8-CFCD-4285-A654-E87B5CE4FBE0}.Release|x64.ActiveCfg = Release|Any CPU
		{2C3A30D8-CFCD-4285-A654-E87B5CE4FBE0}.Release|x64.Build.0 = Release|Any CPU
		{2C3A30D8-CFCD-4285-A654-E87B5CE4FBE0}.Release|x86.ActiveCfg = Release|Any CPU
		{2C3A30D8-CFCD-4285-A654-E87B5CE4FBE0}.Release|x86.Build.0 = Release|Any CPU
		{03356582-57FE-40A0-B032-9585DF279CFC}.Debug|Any CPU.ActiveCfg = Debug|Any CPU
		{03356582-57FE-40A0-B032-9585DF279CFC}.Debug|Any CPU.Build.0 = Debug|Any CPU
		{03356582-57FE-40A0-B032-9585DF279CFC}.Debug|ARM.ActiveCfg = Debug|Any CPU
		{03356582-57FE-40A0-B032-9585DF279CFC}.Debug|ARM.Build.0 = Debug|Any CPU
		{03356582-57FE-40A0-B032-9585DF279CFC}.Debug|x64.ActiveCfg = Debug|Any CPU
		{03356582-57FE-40A0-B032-9585DF279CFC}.Debug|x64.Build.0 = Debug|Any CPU
		{03356582-57FE-40A0-B032-9585DF279CFC}.Debug|x86.ActiveCfg = Debug|Any CPU
		{03356582-57FE-40A0-B032-9585DF279CFC}.Debug|x86.Build.0 = Debug|Any CPU
		{03356582-57FE-40A0-B032-9585DF279CFC}.Release|Any CPU.ActiveCfg = Release|Any CPU
		{03356582-57FE-40A0-B032-9585DF279CFC}.Release|Any CPU.Build.0 = Release|Any CPU
		{03356582-57FE-40A0-B032-9585DF279CFC}.Release|ARM.ActiveCfg = Release|Any CPU
		{03356582-57FE-40A0-B032-9585DF279CFC}.Release|ARM.Build.0 = Release|Any CPU
		{03356582-57FE-40A0-B032-9585DF279CFC}.Release|x64.ActiveCfg = Release|Any CPU
		{03356582-57FE-40A0-B032-9585DF279CFC}.Release|x64.Build.0 = Release|Any CPU
		{03356582-57FE-40A0-B032-9585DF279CFC}.Release|x86.ActiveCfg = Release|Any CPU
		{03356582-57FE-40A0-B032-9585DF279CFC}.Release|x86.Build.0 = Release|Any CPU
		{1BB3F5B2-EEEC-4852-8960-3263D65F3180}.Debug|Any CPU.ActiveCfg = Debug|Any CPU
		{1BB3F5B2-EEEC-4852-8960-3263D65F3180}.Debug|Any CPU.Build.0 = Debug|Any CPU
		{1BB3F5B2-EEEC-4852-8960-3263D65F3180}.Debug|ARM.ActiveCfg = Debug|Any CPU
		{1BB3F5B2-EEEC-4852-8960-3263D65F3180}.Debug|ARM.Build.0 = Debug|Any CPU
		{1BB3F5B2-EEEC-4852-8960-3263D65F3180}.Debug|x64.ActiveCfg = Debug|Any CPU
		{1BB3F5B2-EEEC-4852-8960-3263D65F3180}.Debug|x64.Build.0 = Debug|Any CPU
		{1BB3F5B2-EEEC-4852-8960-3263D65F3180}.Debug|x86.ActiveCfg = Debug|Any CPU
		{1BB3F5B2-EEEC-4852-8960-3263D65F3180}.Debug|x86.Build.0 = Debug|Any CPU
		{1BB3F5B2-EEEC-4852-8960-3263D65F3180}.Release|Any CPU.ActiveCfg = Release|Any CPU
		{1BB3F5B2-EEEC-4852-8960-3263D65F3180}.Release|Any CPU.Build.0 = Release|Any CPU
		{1BB3F5B2-EEEC-4852-8960-3263D65F3180}.Release|ARM.ActiveCfg = Release|Any CPU
		{1BB3F5B2-EEEC-4852-8960-3263D65F3180}.Release|ARM.Build.0 = Release|Any CPU
		{1BB3F5B2-EEEC-4852-8960-3263D65F3180}.Release|x64.ActiveCfg = Release|Any CPU
		{1BB3F5B2-EEEC-4852-8960-3263D65F3180}.Release|x64.Build.0 = Release|Any CPU
		{1BB3F5B2-EEEC-4852-8960-3263D65F3180}.Release|x86.ActiveCfg = Release|Any CPU
		{1BB3F5B2-EEEC-4852-8960-3263D65F3180}.Release|x86.Build.0 = Release|Any CPU
		{1DE6D323-FC08-4C6B-8C61-411E7134352E}.Debug|Any CPU.ActiveCfg = Debug|Any CPU
		{1DE6D323-FC08-4C6B-8C61-411E7134352E}.Debug|Any CPU.Build.0 = Debug|Any CPU
		{1DE6D323-FC08-4C6B-8C61-411E7134352E}.Debug|ARM.ActiveCfg = Debug|Any CPU
		{1DE6D323-FC08-4C6B-8C61-411E7134352E}.Debug|ARM.Build.0 = Debug|Any CPU
		{1DE6D323-FC08-4C6B-8C61-411E7134352E}.Debug|x64.ActiveCfg = Debug|Any CPU
		{1DE6D323-FC08-4C6B-8C61-411E7134352E}.Debug|x64.Build.0 = Debug|Any CPU
		{1DE6D323-FC08-4C6B-8C61-411E7134352E}.Debug|x86.ActiveCfg = Debug|Any CPU
		{1DE6D323-FC08-4C6B-8C61-411E7134352E}.Debug|x86.Build.0 = Debug|Any CPU
		{1DE6D323-FC08-4C6B-8C61-411E7134352E}.Release|Any CPU.ActiveCfg = Release|Any CPU
		{1DE6D323-FC08-4C6B-8C61-411E7134352E}.Release|Any CPU.Build.0 = Release|Any CPU
		{1DE6D323-FC08-4C6B-8C61-411E7134352E}.Release|ARM.ActiveCfg = Release|Any CPU
		{1DE6D323-FC08-4C6B-8C61-411E7134352E}.Release|ARM.Build.0 = Release|Any CPU
		{1DE6D323-FC08-4C6B-8C61-411E7134352E}.Release|x64.ActiveCfg = Release|Any CPU
		{1DE6D323-FC08-4C6B-8C61-411E7134352E}.Release|x64.Build.0 = Release|Any CPU
		{1DE6D323-FC08-4C6B-8C61-411E7134352E}.Release|x86.ActiveCfg = Release|Any CPU
		{1DE6D323-FC08-4C6B-8C61-411E7134352E}.Release|x86.Build.0 = Release|Any CPU
		{4CDFB59F-292D-4C42-ABD1-950CC809E113}.Debug|Any CPU.ActiveCfg = Debug|Any CPU
		{4CDFB59F-292D-4C42-ABD1-950CC809E113}.Debug|Any CPU.Build.0 = Debug|Any CPU
		{4CDFB59F-292D-4C42-ABD1-950CC809E113}.Debug|ARM.ActiveCfg = Debug|Any CPU
		{4CDFB59F-292D-4C42-ABD1-950CC809E113}.Debug|ARM.Build.0 = Debug|Any CPU
		{4CDFB59F-292D-4C42-ABD1-950CC809E113}.Debug|x64.ActiveCfg = Debug|Any CPU
		{4CDFB59F-292D-4C42-ABD1-950CC809E113}.Debug|x64.Build.0 = Debug|Any CPU
		{4CDFB59F-292D-4C42-ABD1-950CC809E113}.Debug|x86.ActiveCfg = Debug|Any CPU
		{4CDFB59F-292D-4C42-ABD1-950CC809E113}.Debug|x86.Build.0 = Debug|Any CPU
		{4CDFB59F-292D-4C42-ABD1-950CC809E113}.Release|Any CPU.ActiveCfg = Release|Any CPU
		{4CDFB59F-292D-4C42-ABD1-950CC809E113}.Release|Any CPU.Build.0 = Release|Any CPU
		{4CDFB59F-292D-4C42-ABD1-950CC809E113}.Release|ARM.ActiveCfg = Release|Any CPU
		{4CDFB59F-292D-4C42-ABD1-950CC809E113}.Release|ARM.Build.0 = Release|Any CPU
		{4CDFB59F-292D-4C42-ABD1-950CC809E113}.Release|x64.ActiveCfg = Release|Any CPU
		{4CDFB59F-292D-4C42-ABD1-950CC809E113}.Release|x64.Build.0 = Release|Any CPU
		{4CDFB59F-292D-4C42-ABD1-950CC809E113}.Release|x86.ActiveCfg = Release|Any CPU
		{4CDFB59F-292D-4C42-ABD1-950CC809E113}.Release|x86.Build.0 = Release|Any CPU
		{263B61BB-732D-4CA3-A982-9BE216C6AB58}.Debug|Any CPU.ActiveCfg = Debug|Any CPU
		{263B61BB-732D-4CA3-A982-9BE216C6AB58}.Debug|Any CPU.Build.0 = Debug|Any CPU
		{263B61BB-732D-4CA3-A982-9BE216C6AB58}.Debug|ARM.ActiveCfg = Debug|Any CPU
		{263B61BB-732D-4CA3-A982-9BE216C6AB58}.Debug|ARM.Build.0 = Debug|Any CPU
		{263B61BB-732D-4CA3-A982-9BE216C6AB58}.Debug|x64.ActiveCfg = Debug|Any CPU
		{263B61BB-732D-4CA3-A982-9BE216C6AB58}.Debug|x64.Build.0 = Debug|Any CPU
		{263B61BB-732D-4CA3-A982-9BE216C6AB58}.Debug|x86.ActiveCfg = Debug|Any CPU
		{263B61BB-732D-4CA3-A982-9BE216C6AB58}.Debug|x86.Build.0 = Debug|Any CPU
		{263B61BB-732D-4CA3-A982-9BE216C6AB58}.Release|Any CPU.ActiveCfg = Release|Any CPU
		{263B61BB-732D-4CA3-A982-9BE216C6AB58}.Release|Any CPU.Build.0 = Release|Any CPU
		{263B61BB-732D-4CA3-A982-9BE216C6AB58}.Release|ARM.ActiveCfg = Release|Any CPU
		{263B61BB-732D-4CA3-A982-9BE216C6AB58}.Release|ARM.Build.0 = Release|Any CPU
		{263B61BB-732D-4CA3-A982-9BE216C6AB58}.Release|x64.ActiveCfg = Release|Any CPU
		{263B61BB-732D-4CA3-A982-9BE216C6AB58}.Release|x64.Build.0 = Release|Any CPU
		{263B61BB-732D-4CA3-A982-9BE216C6AB58}.Release|x86.ActiveCfg = Release|Any CPU
		{263B61BB-732D-4CA3-A982-9BE216C6AB58}.Release|x86.Build.0 = Release|Any CPU
		{12F2E07D-3E7B-41AD-A668-B750A186280E}.Debug|Any CPU.ActiveCfg = Debug|Any CPU
		{12F2E07D-3E7B-41AD-A668-B750A186280E}.Debug|Any CPU.Build.0 = Debug|Any CPU
		{12F2E07D-3E7B-41AD-A668-B750A186280E}.Debug|ARM.ActiveCfg = Debug|Any CPU
		{12F2E07D-3E7B-41AD-A668-B750A186280E}.Debug|ARM.Build.0 = Debug|Any CPU
		{12F2E07D-3E7B-41AD-A668-B750A186280E}.Debug|x64.ActiveCfg = Debug|Any CPU
		{12F2E07D-3E7B-41AD-A668-B750A186280E}.Debug|x64.Build.0 = Debug|Any CPU
		{12F2E07D-3E7B-41AD-A668-B750A186280E}.Debug|x86.ActiveCfg = Debug|Any CPU
		{12F2E07D-3E7B-41AD-A668-B750A186280E}.Debug|x86.Build.0 = Debug|Any CPU
		{12F2E07D-3E7B-41AD-A668-B750A186280E}.Release|Any CPU.ActiveCfg = Release|Any CPU
		{12F2E07D-3E7B-41AD-A668-B750A186280E}.Release|Any CPU.Build.0 = Release|Any CPU
		{12F2E07D-3E7B-41AD-A668-B750A186280E}.Release|ARM.ActiveCfg = Release|Any CPU
		{12F2E07D-3E7B-41AD-A668-B750A186280E}.Release|ARM.Build.0 = Release|Any CPU
		{12F2E07D-3E7B-41AD-A668-B750A186280E}.Release|x64.ActiveCfg = Release|Any CPU
		{12F2E07D-3E7B-41AD-A668-B750A186280E}.Release|x64.Build.0 = Release|Any CPU
		{12F2E07D-3E7B-41AD-A668-B750A186280E}.Release|x86.ActiveCfg = Release|Any CPU
		{12F2E07D-3E7B-41AD-A668-B750A186280E}.Release|x86.Build.0 = Release|Any CPU
		{D6B20708-52F9-4810-9EE1-A1EB3A117ABF}.Debug|Any CPU.ActiveCfg = Debug|Any CPU
		{D6B20708-52F9-4810-9EE1-A1EB3A117ABF}.Debug|Any CPU.Build.0 = Debug|Any CPU
		{D6B20708-52F9-4810-9EE1-A1EB3A117ABF}.Debug|ARM.ActiveCfg = Debug|Any CPU
		{D6B20708-52F9-4810-9EE1-A1EB3A117ABF}.Debug|ARM.Build.0 = Debug|Any CPU
		{D6B20708-52F9-4810-9EE1-A1EB3A117ABF}.Debug|x64.ActiveCfg = Debug|Any CPU
		{D6B20708-52F9-4810-9EE1-A1EB3A117ABF}.Debug|x64.Build.0 = Debug|Any CPU
		{D6B20708-52F9-4810-9EE1-A1EB3A117ABF}.Debug|x86.ActiveCfg = Debug|Any CPU
		{D6B20708-52F9-4810-9EE1-A1EB3A117ABF}.Debug|x86.Build.0 = Debug|Any CPU
		{D6B20708-52F9-4810-9EE1-A1EB3A117ABF}.Release|Any CPU.ActiveCfg = Release|Any CPU
		{D6B20708-52F9-4810-9EE1-A1EB3A117ABF}.Release|Any CPU.Build.0 = Release|Any CPU
		{D6B20708-52F9-4810-9EE1-A1EB3A117ABF}.Release|ARM.ActiveCfg = Release|Any CPU
		{D6B20708-52F9-4810-9EE1-A1EB3A117ABF}.Release|ARM.Build.0 = Release|Any CPU
		{D6B20708-52F9-4810-9EE1-A1EB3A117ABF}.Release|x64.ActiveCfg = Release|Any CPU
		{D6B20708-52F9-4810-9EE1-A1EB3A117ABF}.Release|x64.Build.0 = Release|Any CPU
		{D6B20708-52F9-4810-9EE1-A1EB3A117ABF}.Release|x86.ActiveCfg = Release|Any CPU
		{D6B20708-52F9-4810-9EE1-A1EB3A117ABF}.Release|x86.Build.0 = Release|Any CPU
		{5291BF0A-85EB-4C4E-B63F-8FBB9562EC84}.Debug|Any CPU.ActiveCfg = Debug|Any CPU
		{5291BF0A-85EB-4C4E-B63F-8FBB9562EC84}.Debug|Any CPU.Build.0 = Debug|Any CPU
		{5291BF0A-85EB-4C4E-B63F-8FBB9562EC84}.Debug|ARM.ActiveCfg = Debug|Any CPU
		{5291BF0A-85EB-4C4E-B63F-8FBB9562EC84}.Debug|ARM.Build.0 = Debug|Any CPU
		{5291BF0A-85EB-4C4E-B63F-8FBB9562EC84}.Debug|x64.ActiveCfg = Debug|Any CPU
		{5291BF0A-85EB-4C4E-B63F-8FBB9562EC84}.Debug|x64.Build.0 = Debug|Any CPU
		{5291BF0A-85EB-4C4E-B63F-8FBB9562EC84}.Debug|x86.ActiveCfg = Debug|Any CPU
		{5291BF0A-85EB-4C4E-B63F-8FBB9562EC84}.Debug|x86.Build.0 = Debug|Any CPU
		{5291BF0A-85EB-4C4E-B63F-8FBB9562EC84}.Release|Any CPU.ActiveCfg = Release|Any CPU
		{5291BF0A-85EB-4C4E-B63F-8FBB9562EC84}.Release|Any CPU.Build.0 = Release|Any CPU
		{5291BF0A-85EB-4C4E-B63F-8FBB9562EC84}.Release|ARM.ActiveCfg = Release|Any CPU
		{5291BF0A-85EB-4C4E-B63F-8FBB9562EC84}.Release|ARM.Build.0 = Release|Any CPU
		{5291BF0A-85EB-4C4E-B63F-8FBB9562EC84}.Release|x64.ActiveCfg = Release|Any CPU
		{5291BF0A-85EB-4C4E-B63F-8FBB9562EC84}.Release|x64.Build.0 = Release|Any CPU
		{5291BF0A-85EB-4C4E-B63F-8FBB9562EC84}.Release|x86.ActiveCfg = Release|Any CPU
		{5291BF0A-85EB-4C4E-B63F-8FBB9562EC84}.Release|x86.Build.0 = Release|Any CPU
		{ED88F7E1-2557-41D0-AD09-FE0A09649759}.Debug|Any CPU.ActiveCfg = Debug|Any CPU
		{ED88F7E1-2557-41D0-AD09-FE0A09649759}.Debug|Any CPU.Build.0 = Debug|Any CPU
		{ED88F7E1-2557-41D0-AD09-FE0A09649759}.Debug|ARM.ActiveCfg = Debug|Any CPU
		{ED88F7E1-2557-41D0-AD09-FE0A09649759}.Debug|ARM.Build.0 = Debug|Any CPU
		{ED88F7E1-2557-41D0-AD09-FE0A09649759}.Debug|x64.ActiveCfg = Debug|Any CPU
		{ED88F7E1-2557-41D0-AD09-FE0A09649759}.Debug|x64.Build.0 = Debug|Any CPU
		{ED88F7E1-2557-41D0-AD09-FE0A09649759}.Debug|x86.ActiveCfg = Debug|Any CPU
		{ED88F7E1-2557-41D0-AD09-FE0A09649759}.Debug|x86.Build.0 = Debug|Any CPU
		{ED88F7E1-2557-41D0-AD09-FE0A09649759}.Release|Any CPU.ActiveCfg = Release|Any CPU
		{ED88F7E1-2557-41D0-AD09-FE0A09649759}.Release|Any CPU.Build.0 = Release|Any CPU
		{ED88F7E1-2557-41D0-AD09-FE0A09649759}.Release|ARM.ActiveCfg = Release|Any CPU
		{ED88F7E1-2557-41D0-AD09-FE0A09649759}.Release|ARM.Build.0 = Release|Any CPU
		{ED88F7E1-2557-41D0-AD09-FE0A09649759}.Release|x64.ActiveCfg = Release|Any CPU
		{ED88F7E1-2557-41D0-AD09-FE0A09649759}.Release|x64.Build.0 = Release|Any CPU
		{ED88F7E1-2557-41D0-AD09-FE0A09649759}.Release|x86.ActiveCfg = Release|Any CPU
		{ED88F7E1-2557-41D0-AD09-FE0A09649759}.Release|x86.Build.0 = Release|Any CPU
		{49D4F951-8A9D-4B80-AA5A-F75D7FE6B5CE}.Debug|Any CPU.ActiveCfg = Debug|Any CPU
		{49D4F951-8A9D-4B80-AA5A-F75D7FE6B5CE}.Debug|Any CPU.Build.0 = Debug|Any CPU
		{49D4F951-8A9D-4B80-AA5A-F75D7FE6B5CE}.Debug|ARM.ActiveCfg = Debug|Any CPU
		{49D4F951-8A9D-4B80-AA5A-F75D7FE6B5CE}.Debug|ARM.Build.0 = Debug|Any CPU
		{49D4F951-8A9D-4B80-AA5A-F75D7FE6B5CE}.Debug|x64.ActiveCfg = Debug|Any CPU
		{49D4F951-8A9D-4B80-AA5A-F75D7FE6B5CE}.Debug|x64.Build.0 = Debug|Any CPU
		{49D4F951-8A9D-4B80-AA5A-F75D7FE6B5CE}.Debug|x86.ActiveCfg = Debug|Any CPU
		{49D4F951-8A9D-4B80-AA5A-F75D7FE6B5CE}.Debug|x86.Build.0 = Debug|Any CPU
		{49D4F951-8A9D-4B80-AA5A-F75D7FE6B5CE}.Release|Any CPU.ActiveCfg = Release|Any CPU
		{49D4F951-8A9D-4B80-AA5A-F75D7FE6B5CE}.Release|Any CPU.Build.0 = Release|Any CPU
		{49D4F951-8A9D-4B80-AA5A-F75D7FE6B5CE}.Release|ARM.ActiveCfg = Release|Any CPU
		{49D4F951-8A9D-4B80-AA5A-F75D7FE6B5CE}.Release|ARM.Build.0 = Release|Any CPU
		{49D4F951-8A9D-4B80-AA5A-F75D7FE6B5CE}.Release|x64.ActiveCfg = Release|Any CPU
		{49D4F951-8A9D-4B80-AA5A-F75D7FE6B5CE}.Release|x64.Build.0 = Release|Any CPU
		{49D4F951-8A9D-4B80-AA5A-F75D7FE6B5CE}.Release|x86.ActiveCfg = Release|Any CPU
		{49D4F951-8A9D-4B80-AA5A-F75D7FE6B5CE}.Release|x86.Build.0 = Release|Any CPU
		{13034674-FE45-480D-8869-A3F00DE94FCD}.Debug|Any CPU.ActiveCfg = Debug|Any CPU
		{13034674-FE45-480D-8869-A3F00DE94FCD}.Debug|Any CPU.Build.0 = Debug|Any CPU
		{13034674-FE45-480D-8869-A3F00DE94FCD}.Debug|ARM.ActiveCfg = Debug|Any CPU
		{13034674-FE45-480D-8869-A3F00DE94FCD}.Debug|ARM.Build.0 = Debug|Any CPU
		{13034674-FE45-480D-8869-A3F00DE94FCD}.Debug|x64.ActiveCfg = Debug|Any CPU
		{13034674-FE45-480D-8869-A3F00DE94FCD}.Debug|x64.Build.0 = Debug|Any CPU
		{13034674-FE45-480D-8869-A3F00DE94FCD}.Debug|x86.ActiveCfg = Debug|Any CPU
		{13034674-FE45-480D-8869-A3F00DE94FCD}.Debug|x86.Build.0 = Debug|Any CPU
		{13034674-FE45-480D-8869-A3F00DE94FCD}.Release|Any CPU.ActiveCfg = Release|Any CPU
		{13034674-FE45-480D-8869-A3F00DE94FCD}.Release|Any CPU.Build.0 = Release|Any CPU
		{13034674-FE45-480D-8869-A3F00DE94FCD}.Release|ARM.ActiveCfg = Release|Any CPU
		{13034674-FE45-480D-8869-A3F00DE94FCD}.Release|ARM.Build.0 = Release|Any CPU
		{13034674-FE45-480D-8869-A3F00DE94FCD}.Release|x64.ActiveCfg = Release|Any CPU
		{13034674-FE45-480D-8869-A3F00DE94FCD}.Release|x64.Build.0 = Release|Any CPU
		{13034674-FE45-480D-8869-A3F00DE94FCD}.Release|x86.ActiveCfg = Release|Any CPU
		{13034674-FE45-480D-8869-A3F00DE94FCD}.Release|x86.Build.0 = Release|Any CPU
		{EB9AD4CC-19A9-4DDF-ADA5-7D2E6EF85408}.Debug|Any CPU.ActiveCfg = Debug|Any CPU
		{EB9AD4CC-19A9-4DDF-ADA5-7D2E6EF85408}.Debug|Any CPU.Build.0 = Debug|Any CPU
		{EB9AD4CC-19A9-4DDF-ADA5-7D2E6EF85408}.Debug|ARM.ActiveCfg = Debug|Any CPU
		{EB9AD4CC-19A9-4DDF-ADA5-7D2E6EF85408}.Debug|ARM.Build.0 = Debug|Any CPU
		{EB9AD4CC-19A9-4DDF-ADA5-7D2E6EF85408}.Debug|x64.ActiveCfg = Debug|Any CPU
		{EB9AD4CC-19A9-4DDF-ADA5-7D2E6EF85408}.Debug|x64.Build.0 = Debug|Any CPU
		{EB9AD4CC-19A9-4DDF-ADA5-7D2E6EF85408}.Debug|x86.ActiveCfg = Debug|Any CPU
		{EB9AD4CC-19A9-4DDF-ADA5-7D2E6EF85408}.Debug|x86.Build.0 = Debug|Any CPU
		{EB9AD4CC-19A9-4DDF-ADA5-7D2E6EF85408}.Release|Any CPU.ActiveCfg = Release|Any CPU
		{EB9AD4CC-19A9-4DDF-ADA5-7D2E6EF85408}.Release|Any CPU.Build.0 = Release|Any CPU
		{EB9AD4CC-19A9-4DDF-ADA5-7D2E6EF85408}.Release|ARM.ActiveCfg = Release|Any CPU
		{EB9AD4CC-19A9-4DDF-ADA5-7D2E6EF85408}.Release|ARM.Build.0 = Release|Any CPU
		{EB9AD4CC-19A9-4DDF-ADA5-7D2E6EF85408}.Release|x64.ActiveCfg = Release|Any CPU
		{EB9AD4CC-19A9-4DDF-ADA5-7D2E6EF85408}.Release|x64.Build.0 = Release|Any CPU
		{EB9AD4CC-19A9-4DDF-ADA5-7D2E6EF85408}.Release|x86.ActiveCfg = Release|Any CPU
		{EB9AD4CC-19A9-4DDF-ADA5-7D2E6EF85408}.Release|x86.Build.0 = Release|Any CPU
		{0741E2F4-DA20-429B-9952-141EEE054C18}.Debug|Any CPU.ActiveCfg = Debug|Any CPU
		{0741E2F4-DA20-429B-9952-141EEE054C18}.Debug|Any CPU.Build.0 = Debug|Any CPU
		{0741E2F4-DA20-429B-9952-141EEE054C18}.Debug|ARM.ActiveCfg = Debug|Any CPU
		{0741E2F4-DA20-429B-9952-141EEE054C18}.Debug|ARM.Build.0 = Debug|Any CPU
		{0741E2F4-DA20-429B-9952-141EEE054C18}.Debug|x64.ActiveCfg = Debug|Any CPU
		{0741E2F4-DA20-429B-9952-141EEE054C18}.Debug|x64.Build.0 = Debug|Any CPU
		{0741E2F4-DA20-429B-9952-141EEE054C18}.Debug|x86.ActiveCfg = Debug|Any CPU
		{0741E2F4-DA20-429B-9952-141EEE054C18}.Debug|x86.Build.0 = Debug|Any CPU
		{0741E2F4-DA20-429B-9952-141EEE054C18}.Release|Any CPU.ActiveCfg = Release|Any CPU
		{0741E2F4-DA20-429B-9952-141EEE054C18}.Release|Any CPU.Build.0 = Release|Any CPU
		{0741E2F4-DA20-429B-9952-141EEE054C18}.Release|ARM.ActiveCfg = Release|Any CPU
		{0741E2F4-DA20-429B-9952-141EEE054C18}.Release|ARM.Build.0 = Release|Any CPU
		{0741E2F4-DA20-429B-9952-141EEE054C18}.Release|x64.ActiveCfg = Release|Any CPU
		{0741E2F4-DA20-429B-9952-141EEE054C18}.Release|x64.Build.0 = Release|Any CPU
		{0741E2F4-DA20-429B-9952-141EEE054C18}.Release|x86.ActiveCfg = Release|Any CPU
		{0741E2F4-DA20-429B-9952-141EEE054C18}.Release|x86.Build.0 = Release|Any CPU
		{732CDADD-0C5B-4918-B6E1-51DA6E2B8782}.Debug|Any CPU.ActiveCfg = Debug|Any CPU
		{732CDADD-0C5B-4918-B6E1-51DA6E2B8782}.Debug|Any CPU.Build.0 = Debug|Any CPU
		{732CDADD-0C5B-4918-B6E1-51DA6E2B8782}.Debug|ARM.ActiveCfg = Debug|Any CPU
		{732CDADD-0C5B-4918-B6E1-51DA6E2B8782}.Debug|ARM.Build.0 = Debug|Any CPU
		{732CDADD-0C5B-4918-B6E1-51DA6E2B8782}.Debug|x64.ActiveCfg = Debug|Any CPU
		{732CDADD-0C5B-4918-B6E1-51DA6E2B8782}.Debug|x64.Build.0 = Debug|Any CPU
		{732CDADD-0C5B-4918-B6E1-51DA6E2B8782}.Debug|x86.ActiveCfg = Debug|Any CPU
		{732CDADD-0C5B-4918-B6E1-51DA6E2B8782}.Debug|x86.Build.0 = Debug|Any CPU
		{732CDADD-0C5B-4918-B6E1-51DA6E2B8782}.Release|Any CPU.ActiveCfg = Release|Any CPU
		{732CDADD-0C5B-4918-B6E1-51DA6E2B8782}.Release|Any CPU.Build.0 = Release|Any CPU
		{732CDADD-0C5B-4918-B6E1-51DA6E2B8782}.Release|ARM.ActiveCfg = Release|Any CPU
		{732CDADD-0C5B-4918-B6E1-51DA6E2B8782}.Release|ARM.Build.0 = Release|Any CPU
		{732CDADD-0C5B-4918-B6E1-51DA6E2B8782}.Release|x64.ActiveCfg = Release|Any CPU
		{732CDADD-0C5B-4918-B6E1-51DA6E2B8782}.Release|x64.Build.0 = Release|Any CPU
		{732CDADD-0C5B-4918-B6E1-51DA6E2B8782}.Release|x86.ActiveCfg = Release|Any CPU
		{732CDADD-0C5B-4918-B6E1-51DA6E2B8782}.Release|x86.Build.0 = Release|Any CPU
	EndGlobalSection
	GlobalSection(SolutionProperties) = preSolution
		HideSolutionNode = FALSE
	EndGlobalSection
	GlobalSection(ExtensibilityGlobals) = postSolution
		SolutionGuid = {F2494E8D-0479-4866-932F-F52F30732361}
	EndGlobalSection
EndGlobal
